// !$*UTF8*$!
{
	archiveVersion = 1;
	classes = {
	};
	objectVersion = 46;
	objects = {

/* Begin PBXBuildFile section */
		300791DA1A86E58000D20875 /* record.png in Resources */ = {isa = PBXBuildFile; fileRef = 300791D91A86E58000D20875 /* record.png */; };
		300791DD1A86E9F800D20875 /* replay.png in Resources */ = {isa = PBXBuildFile; fileRef = 300791DB1A86E9F800D20875 /* replay.png */; };
		300791DE1A86E9F800D20875 /* speaker.png in Resources */ = {isa = PBXBuildFile; fileRef = 300791DC1A86E9F800D20875 /* speaker.png */; };
		300791EE1A86F5E800D20875 /* QuadCurveMenu.m in Sources */ = {isa = PBXBuildFile; fileRef = 300791EB1A86F5E800D20875 /* QuadCurveMenu.m */; settings = {COMPILER_FLAGS = "-fno-objc-arc"; }; };
		300791EF1A86F5E800D20875 /* QuadCurveMenuItem.m in Sources */ = {isa = PBXBuildFile; fileRef = 300791ED1A86F5E800D20875 /* QuadCurveMenuItem.m */; settings = {COMPILER_FLAGS = "-fno-objc-arc"; }; };
		300791FE1A86F61A00D20875 /* bg-addbutton-highlighted.png in Resources */ = {isa = PBXBuildFile; fileRef = 300791F01A86F61A00D20875 /* bg-addbutton-highlighted.png */; };
		300791FF1A86F61A00D20875 /* bg-addbutton-highlighted@2x.png in Resources */ = {isa = PBXBuildFile; fileRef = 300791F11A86F61A00D20875 /* bg-addbutton-highlighted@2x.png */; };
		300792001A86F61A00D20875 /* bg-addbutton.png in Resources */ = {isa = PBXBuildFile; fileRef = 300791F21A86F61A00D20875 /* bg-addbutton.png */; };
		300792011A86F61A00D20875 /* bg-addbutton@2x.png in Resources */ = {isa = PBXBuildFile; fileRef = 300791F31A86F61A00D20875 /* bg-addbutton@2x.png */; };
		300792021A86F61A00D20875 /* bg-menuitem-highlighted.png in Resources */ = {isa = PBXBuildFile; fileRef = 300791F41A86F61A00D20875 /* bg-menuitem-highlighted.png */; };
		300792031A86F61A00D20875 /* bg-menuitem-highlighted@2x.png in Resources */ = {isa = PBXBuildFile; fileRef = 300791F51A86F61A00D20875 /* bg-menuitem-highlighted@2x.png */; };
		300792041A86F61A00D20875 /* bg-menuitem.png in Resources */ = {isa = PBXBuildFile; fileRef = 300791F61A86F61A00D20875 /* bg-menuitem.png */; };
		300792051A86F61A00D20875 /* bg-menuitem@2x.png in Resources */ = {isa = PBXBuildFile; fileRef = 300791F71A86F61A00D20875 /* bg-menuitem@2x.png */; };
		300792061A86F61A00D20875 /* icon-plus-highlighted.png in Resources */ = {isa = PBXBuildFile; fileRef = 300791F81A86F61A00D20875 /* icon-plus-highlighted.png */; };
		300792071A86F61A00D20875 /* icon-plus-highlighted@2x.png in Resources */ = {isa = PBXBuildFile; fileRef = 300791F91A86F61A00D20875 /* icon-plus-highlighted@2x.png */; };
		300792081A86F61A00D20875 /* icon-plus.png in Resources */ = {isa = PBXBuildFile; fileRef = 300791FA1A86F61A00D20875 /* icon-plus.png */; };
		300792091A86F61A00D20875 /* icon-plus@2x.png in Resources */ = {isa = PBXBuildFile; fileRef = 300791FB1A86F61A00D20875 /* icon-plus@2x.png */; };
		3007920A1A86F61A00D20875 /* icon-star.png in Resources */ = {isa = PBXBuildFile; fileRef = 300791FC1A86F61A00D20875 /* icon-star.png */; };
		3007920B1A86F61A00D20875 /* icon-star@2x.png in Resources */ = {isa = PBXBuildFile; fileRef = 300791FD1A86F61A00D20875 /* icon-star@2x.png */; };
		3007920D1A86FDDC00D20875 /* scaleFont.png in Resources */ = {isa = PBXBuildFile; fileRef = 3007920C1A86FDDC00D20875 /* scaleFont.png */; };
		3007920F1A87067B00D20875 /* recording.png in Resources */ = {isa = PBXBuildFile; fileRef = 3007920E1A87067B00D20875 /* recording.png */; };
		300792131A87082100D20875 /* record@2x.png in Resources */ = {isa = PBXBuildFile; fileRef = 300792121A87082100D20875 /* record@2x.png */; };
		300792191A870AB700D20875 /* recording@2x.png in Resources */ = {isa = PBXBuildFile; fileRef = 300792151A870AB700D20875 /* recording@2x.png */; };
		3007921A1A870AB700D20875 /* replay@2x.png in Resources */ = {isa = PBXBuildFile; fileRef = 300792161A870AB700D20875 /* replay@2x.png */; };
		3007921B1A870AB700D20875 /* speaker@2x.png in Resources */ = {isa = PBXBuildFile; fileRef = 300792171A870AB700D20875 /* speaker@2x.png */; };
		3007921D1A870D3E00D20875 /* scaleFont@2x.png in Resources */ = {isa = PBXBuildFile; fileRef = 3007921C1A870D3E00D20875 /* scaleFont@2x.png */; };
		300D5DDB1A8426950054CFB7 /* EGORefreshTableHeaderView.m in Sources */ = {isa = PBXBuildFile; fileRef = 300D5DAC1A8426950054CFB7 /* EGORefreshTableHeaderView.m */; settings = {COMPILER_FLAGS = "-fno-objc-arc"; }; };
		300D5DDC1A8426950054CFB7 /* LoadMoreTableFooterView.m in Sources */ = {isa = PBXBuildFile; fileRef = 300D5DAE1A8426950054CFB7 /* LoadMoreTableFooterView.m */; settings = {COMPILER_FLAGS = "-fno-objc-arc"; }; };
		300D5DDD1A8426950054CFB7 /* MessageInterceptor.m in Sources */ = {isa = PBXBuildFile; fileRef = 300D5DB01A8426950054CFB7 /* MessageInterceptor.m */; settings = {COMPILER_FLAGS = "-fno-objc-arc"; }; };
		300D5DDE1A8426950054CFB7 /* PullPsCollectionView.m in Sources */ = {isa = PBXBuildFile; fileRef = 300D5DB21A8426950054CFB7 /* PullPsCollectionView.m */; settings = {COMPILER_FLAGS = "-fno-objc-arc"; }; };
		300D5DDF1A8426950054CFB7 /* PullTableView.m in Sources */ = {isa = PBXBuildFile; fileRef = 300D5DB41A8426950054CFB7 /* PullTableView.m */; settings = {COMPILER_FLAGS = "-fno-objc-arc"; }; };
		300D5DE01A8426950054CFB7 /* blackArrow.png in Resources */ = {isa = PBXBuildFile; fileRef = 300D5DB61A8426950054CFB7 /* blackArrow.png */; };
		300D5DE11A8426950054CFB7 /* blackArrow@2x.png in Resources */ = {isa = PBXBuildFile; fileRef = 300D5DB71A8426950054CFB7 /* blackArrow@2x.png */; };
		300D5DE21A8426950054CFB7 /* blueArrow.png in Resources */ = {isa = PBXBuildFile; fileRef = 300D5DB81A8426950054CFB7 /* blueArrow.png */; };
		300D5DE31A8426950054CFB7 /* blueArrow@2x.png in Resources */ = {isa = PBXBuildFile; fileRef = 300D5DB91A8426950054CFB7 /* blueArrow@2x.png */; };
		300D5DE41A8426950054CFB7 /* grayArrow.png in Resources */ = {isa = PBXBuildFile; fileRef = 300D5DBA1A8426950054CFB7 /* grayArrow.png */; };
		300D5DE51A8426950054CFB7 /* grayArrow@2x.png in Resources */ = {isa = PBXBuildFile; fileRef = 300D5DBB1A8426950054CFB7 /* grayArrow@2x.png */; };
		300D5DE61A8426950054CFB7 /* whiteArrow.png in Resources */ = {isa = PBXBuildFile; fileRef = 300D5DBC1A8426950054CFB7 /* whiteArrow.png */; };
		300D5DE71A8426950054CFB7 /* whiteArrow@2x.png in Resources */ = {isa = PBXBuildFile; fileRef = 300D5DBD1A8426950054CFB7 /* whiteArrow@2x.png */; };
		300D5DE81A8426950054CFB7 /* CellView.m in Sources */ = {isa = PBXBuildFile; fileRef = 300D5DC01A8426950054CFB7 /* CellView.m */; settings = {COMPILER_FLAGS = "-fno-objc-arc"; }; };
		300D5DE91A8426950054CFB7 /* CellView.xib in Resources */ = {isa = PBXBuildFile; fileRef = 300D5DC11A8426950054CFB7 /* CellView.xib */; };
		300D5DEA1A8426950054CFB7 /* PSCollectionView.m in Sources */ = {isa = PBXBuildFile; fileRef = 300D5DC31A8426950054CFB7 /* PSCollectionView.m */; settings = {COMPILER_FLAGS = "-fno-objc-arc"; }; };
		300D5DEB1A8426950054CFB7 /* PSCollectionViewCell.m in Sources */ = {isa = PBXBuildFile; fileRef = 300D5DC51A8426950054CFB7 /* PSCollectionViewCell.m */; settings = {COMPILER_FLAGS = "-fno-objc-arc"; }; };
		300D5DEC1A8426950054CFB7 /* MKAnnotationView+WebCache.m in Sources */ = {isa = PBXBuildFile; fileRef = 300D5DC81A8426950054CFB7 /* MKAnnotationView+WebCache.m */; };
		300D5DED1A8426950054CFB7 /* SDImageCache.m in Sources */ = {isa = PBXBuildFile; fileRef = 300D5DCA1A8426950054CFB7 /* SDImageCache.m */; };
		300D5DEE1A8426950054CFB7 /* SDWebImageDecoder.m in Sources */ = {isa = PBXBuildFile; fileRef = 300D5DCE1A8426950054CFB7 /* SDWebImageDecoder.m */; };
		300D5DEF1A8426950054CFB7 /* SDWebImageDownloader.m in Sources */ = {isa = PBXBuildFile; fileRef = 300D5DD01A8426950054CFB7 /* SDWebImageDownloader.m */; };
		300D5DF01A8426950054CFB7 /* SDWebImageManager.m in Sources */ = {isa = PBXBuildFile; fileRef = 300D5DD31A8426950054CFB7 /* SDWebImageManager.m */; };
		300D5DF11A8426950054CFB7 /* SDWebImagePrefetcher.m in Sources */ = {isa = PBXBuildFile; fileRef = 300D5DD61A8426950054CFB7 /* SDWebImagePrefetcher.m */; };
		300D5DF21A8426950054CFB7 /* UIButton+WebCache.m in Sources */ = {isa = PBXBuildFile; fileRef = 300D5DD81A8426950054CFB7 /* UIButton+WebCache.m */; };
		300D5DF31A8426950054CFB7 /* UIImageView+WebCache.m in Sources */ = {isa = PBXBuildFile; fileRef = 300D5DDA1A8426950054CFB7 /* UIImageView+WebCache.m */; };
		300D5DFA1A842BCD0054CFB7 /* ImageIO.framework in Frameworks */ = {isa = PBXBuildFile; fileRef = 300D5DF91A842BCD0054CFB7 /* ImageIO.framework */; };
		3010AF181A71B27B009CDECF /* main.m in Sources */ = {isa = PBXBuildFile; fileRef = 3010AF171A71B27B009CDECF /* main.m */; };
		3010AF1B1A71B27B009CDECF /* AppDelegate.m in Sources */ = {isa = PBXBuildFile; fileRef = 3010AF1A1A71B27B009CDECF /* AppDelegate.m */; };
		3010AF231A71B27B009CDECF /* Images.xcassets in Resources */ = {isa = PBXBuildFile; fileRef = 3010AF221A71B27B009CDECF /* Images.xcassets */; };
		3010AF261A71B27B009CDECF /* LaunchScreen.xib in Resources */ = {isa = PBXBuildFile; fileRef = 3010AF241A71B27B009CDECF /* LaunchScreen.xib */; };
		3010AF321A71B27B009CDECF /* NewsTongueTests.m in Sources */ = {isa = PBXBuildFile; fileRef = 3010AF311A71B27B009CDECF /* NewsTongueTests.m */; };
		303381B91A7C79FF0074604E /* AFHTTPRequestOperation.m in Sources */ = {isa = PBXBuildFile; fileRef = 303381951A7C79FF0074604E /* AFHTTPRequestOperation.m */; };
		303381BA1A7C79FF0074604E /* AFHTTPRequestOperationManager.m in Sources */ = {isa = PBXBuildFile; fileRef = 303381971A7C79FF0074604E /* AFHTTPRequestOperationManager.m */; };
		303381BB1A7C79FF0074604E /* AFHTTPSessionManager.m in Sources */ = {isa = PBXBuildFile; fileRef = 303381991A7C79FF0074604E /* AFHTTPSessionManager.m */; };
		303381BC1A7C79FF0074604E /* AFNetworkReachabilityManager.m in Sources */ = {isa = PBXBuildFile; fileRef = 3033819B1A7C79FF0074604E /* AFNetworkReachabilityManager.m */; };
		303381BD1A7C79FF0074604E /* AFSecurityPolicy.m in Sources */ = {isa = PBXBuildFile; fileRef = 3033819E1A7C79FF0074604E /* AFSecurityPolicy.m */; };
		303381BE1A7C79FF0074604E /* AFURLConnectionOperation.m in Sources */ = {isa = PBXBuildFile; fileRef = 303381A01A7C79FF0074604E /* AFURLConnectionOperation.m */; };
		303381BF1A7C79FF0074604E /* AFURLRequestSerialization.m in Sources */ = {isa = PBXBuildFile; fileRef = 303381A21A7C79FF0074604E /* AFURLRequestSerialization.m */; };
		303381C01A7C79FF0074604E /* AFURLResponseSerialization.m in Sources */ = {isa = PBXBuildFile; fileRef = 303381A41A7C79FF0074604E /* AFURLResponseSerialization.m */; };
		303381C11A7C79FF0074604E /* AFURLSessionManager.m in Sources */ = {isa = PBXBuildFile; fileRef = 303381A61A7C79FF0074604E /* AFURLSessionManager.m */; };
		303381C21A7C79FF0074604E /* AFNetworkActivityIndicatorManager.m in Sources */ = {isa = PBXBuildFile; fileRef = 303381A91A7C79FF0074604E /* AFNetworkActivityIndicatorManager.m */; };
		303381C31A7C79FF0074604E /* UIActivityIndicatorView+AFNetworking.m in Sources */ = {isa = PBXBuildFile; fileRef = 303381AB1A7C79FF0074604E /* UIActivityIndicatorView+AFNetworking.m */; };
		303381C41A7C79FF0074604E /* UIAlertView+AFNetworking.m in Sources */ = {isa = PBXBuildFile; fileRef = 303381AD1A7C79FF0074604E /* UIAlertView+AFNetworking.m */; };
		303381C51A7C79FF0074604E /* UIButton+AFNetworking.m in Sources */ = {isa = PBXBuildFile; fileRef = 303381AF1A7C79FF0074604E /* UIButton+AFNetworking.m */; };
		303381C61A7C79FF0074604E /* UIImageView+AFNetworking.m in Sources */ = {isa = PBXBuildFile; fileRef = 303381B11A7C79FF0074604E /* UIImageView+AFNetworking.m */; };
		303381C71A7C79FF0074604E /* UIProgressView+AFNetworking.m in Sources */ = {isa = PBXBuildFile; fileRef = 303381B41A7C79FF0074604E /* UIProgressView+AFNetworking.m */; };
		303381C81A7C79FF0074604E /* UIRefreshControl+AFNetworking.m in Sources */ = {isa = PBXBuildFile; fileRef = 303381B61A7C79FF0074604E /* UIRefreshControl+AFNetworking.m */; };
		303381C91A7C79FF0074604E /* UIWebView+AFNetworking.m in Sources */ = {isa = PBXBuildFile; fileRef = 303381B81A7C79FF0074604E /* UIWebView+AFNetworking.m */; };
		3068FD731A7EDED800E257A9 /* readme.rtf in Resources */ = {isa = PBXBuildFile; fileRef = 3068FD721A7EDED800E257A9 /* readme.rtf */; };
		3068FD791A7EE24100E257A9 /* GTMNSString+HTML.m in Sources */ = {isa = PBXBuildFile; fileRef = 3068FD761A7EE24100E257A9 /* GTMNSString+HTML.m */; settings = {COMPILER_FLAGS = "-fno-objc-arc"; }; };
		3068FD7A1A7EE24100E257A9 /* NSString+HTML.m in Sources */ = {isa = PBXBuildFile; fileRef = 3068FD781A7EE24100E257A9 /* NSString+HTML.m */; settings = {COMPILER_FLAGS = "-fno-objc-arc"; }; };
		3068FD7D1A7EEAA400E257A9 /* SentenceManager.m in Sources */ = {isa = PBXBuildFile; fileRef = 3068FD7C1A7EEAA400E257A9 /* SentenceManager.m */; };
		3090C9671A858CC30094231B /* CollectionViewController.m in Sources */ = {isa = PBXBuildFile; fileRef = 3090C95C1A858CC30094231B /* CollectionViewController.m */; };
		3090C9691A858CC30094231B /* ReadModeController.m in Sources */ = {isa = PBXBuildFile; fileRef = 3090C95F1A858CC30094231B /* ReadModeController.m */; };
		3090C96A1A858CC30094231B /* ReadModeController.xib in Resources */ = {isa = PBXBuildFile; fileRef = 3090C9601A858CC30094231B /* ReadModeController.xib */; };
		3090C96B1A858CC30094231B /* SentenceModeController.m in Sources */ = {isa = PBXBuildFile; fileRef = 3090C9621A858CC30094231B /* SentenceModeController.m */; };
		3090C96C1A858CC30094231B /* SentenceModeController.xib in Resources */ = {isa = PBXBuildFile; fileRef = 3090C9631A858CC30094231B /* SentenceModeController.xib */; };
		3090C96D1A858CC30094231B /* WordModeController.m in Sources */ = {isa = PBXBuildFile; fileRef = 3090C9651A858CC30094231B /* WordModeController.m */; };
		3090C96E1A858CC30094231B /* WordModeController.xib in Resources */ = {isa = PBXBuildFile; fileRef = 3090C9661A858CC30094231B /* WordModeController.xib */; };
		30ADC9DD1A770E5700339771 /* UITextView+Extras.m in Sources */ = {isa = PBXBuildFile; fileRef = 30ADC9DC1A770E5700339771 /* UITextView+Extras.m */; };
		30C171CD1A7DA62C001CD87A /* SQLiteManager.m in Sources */ = {isa = PBXBuildFile; fileRef = 30C171CC1A7DA62C001CD87A /* SQLiteManager.m */; };
		30C171CF1A7DB4DF001CD87A /* libsqlite3.dylib in Frameworks */ = {isa = PBXBuildFile; fileRef = 30C171CE1A7DB4DF001CD87A /* libsqlite3.dylib */; };
		30C251861A858ACE00B004A0 /* Main.storyboard in Resources */ = {isa = PBXBuildFile; fileRef = 30C251841A858ACE00B004A0 /* Main.storyboard */; };
		30C8B6871A7DB8AB009CB114 /* Base64.m in Sources */ = {isa = PBXBuildFile; fileRef = 30C8B6861A7DB8AB009CB114 /* Base64.m */; };
		30C8B68D1A7E2E75009CB114 /* AFAudioRouter.m in Sources */ = {isa = PBXBuildFile; fileRef = 30C8B68A1A7E2E75009CB114 /* AFAudioRouter.m */; };
		30C8B68E1A7E2E75009CB114 /* AFSoundManager.m in Sources */ = {isa = PBXBuildFile; fileRef = 30C8B68C1A7E2E75009CB114 /* AFSoundManager.m */; };
		30C8B6901A7E2FA8009CB114 /* AVFoundation.framework in Frameworks */ = {isa = PBXBuildFile; fileRef = 30C8B68F1A7E2FA8009CB114 /* AVFoundation.framework */; };
		30C8B6921A7E2FAD009CB114 /* AudioToolbox.framework in Frameworks */ = {isa = PBXBuildFile; fileRef = 30C8B6911A7E2FAD009CB114 /* AudioToolbox.framework */; };
		30C8B6941A7E2FB9009CB114 /* CoreGraphics.framework in Frameworks */ = {isa = PBXBuildFile; fileRef = 30C8B6931A7E2FB9009CB114 /* CoreGraphics.framework */; };
		30C8B6961A7E2FBE009CB114 /* UIKit.framework in Frameworks */ = {isa = PBXBuildFile; fileRef = 30C8B6951A7E2FBE009CB114 /* UIKit.framework */; };
		30C8B6981A7E2FC5009CB114 /* Foundation.framework in Frameworks */ = {isa = PBXBuildFile; fileRef = 30C8B6971A7E2FC5009CB114 /* Foundation.framework */; };
		30EC871C1A7C474600BC7363 /* WordManager.m in Sources */ = {isa = PBXBuildFile; fileRef = 30EC871B1A7C474600BC7363 /* WordManager.m */; };
/* End PBXBuildFile section */

/* Begin PBXContainerItemProxy section */
		3010AF2C1A71B27B009CDECF /* PBXContainerItemProxy */ = {
			isa = PBXContainerItemProxy;
			containerPortal = 3010AF0A1A71B27B009CDECF /* Project object */;
			proxyType = 1;
			remoteGlobalIDString = 3010AF111A71B27B009CDECF;
			remoteInfo = NewsTongue;
		};
/* End PBXContainerItemProxy section */

/* Begin PBXFileReference section */
		300791D91A86E58000D20875 /* record.png */ = {isa = PBXFileReference; lastKnownFileType = image.png; path = record.png; sourceTree = "<group>"; };
		300791DB1A86E9F800D20875 /* replay.png */ = {isa = PBXFileReference; lastKnownFileType = image.png; path = replay.png; sourceTree = "<group>"; };
		300791DC1A86E9F800D20875 /* speaker.png */ = {isa = PBXFileReference; lastKnownFileType = image.png; path = speaker.png; sourceTree = "<group>"; };
		300791EA1A86F5E800D20875 /* QuadCurveMenu.h */ = {isa = PBXFileReference; fileEncoding = 4; lastKnownFileType = sourcecode.c.h; path = QuadCurveMenu.h; sourceTree = "<group>"; };
		300791EB1A86F5E800D20875 /* QuadCurveMenu.m */ = {isa = PBXFileReference; fileEncoding = 4; lastKnownFileType = sourcecode.c.objc; path = QuadCurveMenu.m; sourceTree = "<group>"; };
		300791EC1A86F5E800D20875 /* QuadCurveMenuItem.h */ = {isa = PBXFileReference; fileEncoding = 4; lastKnownFileType = sourcecode.c.h; path = QuadCurveMenuItem.h; sourceTree = "<group>"; };
		300791ED1A86F5E800D20875 /* QuadCurveMenuItem.m */ = {isa = PBXFileReference; fileEncoding = 4; lastKnownFileType = sourcecode.c.objc; path = QuadCurveMenuItem.m; sourceTree = "<group>"; };
		300791F01A86F61A00D20875 /* bg-addbutton-highlighted.png */ = {isa = PBXFileReference; lastKnownFileType = image.png; path = "bg-addbutton-highlighted.png"; sourceTree = "<group>"; };
		300791F11A86F61A00D20875 /* bg-addbutton-highlighted@2x.png */ = {isa = PBXFileReference; lastKnownFileType = image.png; path = "bg-addbutton-highlighted@2x.png"; sourceTree = "<group>"; };
		300791F21A86F61A00D20875 /* bg-addbutton.png */ = {isa = PBXFileReference; lastKnownFileType = image.png; path = "bg-addbutton.png"; sourceTree = "<group>"; };
		300791F31A86F61A00D20875 /* bg-addbutton@2x.png */ = {isa = PBXFileReference; lastKnownFileType = image.png; path = "bg-addbutton@2x.png"; sourceTree = "<group>"; };
		300791F41A86F61A00D20875 /* bg-menuitem-highlighted.png */ = {isa = PBXFileReference; lastKnownFileType = image.png; path = "bg-menuitem-highlighted.png"; sourceTree = "<group>"; };
		300791F51A86F61A00D20875 /* bg-menuitem-highlighted@2x.png */ = {isa = PBXFileReference; lastKnownFileType = image.png; path = "bg-menuitem-highlighted@2x.png"; sourceTree = "<group>"; };
		300791F61A86F61A00D20875 /* bg-menuitem.png */ = {isa = PBXFileReference; lastKnownFileType = image.png; path = "bg-menuitem.png"; sourceTree = "<group>"; };
		300791F71A86F61A00D20875 /* bg-menuitem@2x.png */ = {isa = PBXFileReference; lastKnownFileType = image.png; path = "bg-menuitem@2x.png"; sourceTree = "<group>"; };
		300791F81A86F61A00D20875 /* icon-plus-highlighted.png */ = {isa = PBXFileReference; lastKnownFileType = image.png; path = "icon-plus-highlighted.png"; sourceTree = "<group>"; };
		300791F91A86F61A00D20875 /* icon-plus-highlighted@2x.png */ = {isa = PBXFileReference; lastKnownFileType = image.png; path = "icon-plus-highlighted@2x.png"; sourceTree = "<group>"; };
		300791FA1A86F61A00D20875 /* icon-plus.png */ = {isa = PBXFileReference; lastKnownFileType = image.png; path = "icon-plus.png"; sourceTree = "<group>"; };
		300791FB1A86F61A00D20875 /* icon-plus@2x.png */ = {isa = PBXFileReference; lastKnownFileType = image.png; path = "icon-plus@2x.png"; sourceTree = "<group>"; };
		300791FC1A86F61A00D20875 /* icon-star.png */ = {isa = PBXFileReference; lastKnownFileType = image.png; path = "icon-star.png"; sourceTree = "<group>"; };
		300791FD1A86F61A00D20875 /* icon-star@2x.png */ = {isa = PBXFileReference; lastKnownFileType = image.png; path = "icon-star@2x.png"; sourceTree = "<group>"; };
		3007920C1A86FDDC00D20875 /* scaleFont.png */ = {isa = PBXFileReference; lastKnownFileType = image.png; path = scaleFont.png; sourceTree = "<group>"; };
		3007920E1A87067B00D20875 /* recording.png */ = {isa = PBXFileReference; lastKnownFileType = image.png; path = recording.png; sourceTree = "<group>"; };
		300792121A87082100D20875 /* record@2x.png */ = {isa = PBXFileReference; lastKnownFileType = image.png; path = "record@2x.png"; sourceTree = "<group>"; };
		300792151A870AB700D20875 /* recording@2x.png */ = {isa = PBXFileReference; lastKnownFileType = image.png; path = "recording@2x.png"; sourceTree = "<group>"; };
		300792161A870AB700D20875 /* replay@2x.png */ = {isa = PBXFileReference; lastKnownFileType = image.png; path = "replay@2x.png"; sourceTree = "<group>"; };
		300792171A870AB700D20875 /* speaker@2x.png */ = {isa = PBXFileReference; lastKnownFileType = image.png; path = "speaker@2x.png"; sourceTree = "<group>"; };
		3007921C1A870D3E00D20875 /* scaleFont@2x.png */ = {isa = PBXFileReference; lastKnownFileType = image.png; path = "scaleFont@2x.png"; sourceTree = "<group>"; };
		300D5DAB1A8426950054CFB7 /* EGORefreshTableHeaderView.h */ = {isa = PBXFileReference; fileEncoding = 4; lastKnownFileType = sourcecode.c.h; path = EGORefreshTableHeaderView.h; sourceTree = "<group>"; };
		300D5DAC1A8426950054CFB7 /* EGORefreshTableHeaderView.m */ = {isa = PBXFileReference; fileEncoding = 4; lastKnownFileType = sourcecode.c.objc; path = EGORefreshTableHeaderView.m; sourceTree = "<group>"; };
		300D5DAD1A8426950054CFB7 /* LoadMoreTableFooterView.h */ = {isa = PBXFileReference; fileEncoding = 4; lastKnownFileType = sourcecode.c.h; path = LoadMoreTableFooterView.h; sourceTree = "<group>"; };
		300D5DAE1A8426950054CFB7 /* LoadMoreTableFooterView.m */ = {isa = PBXFileReference; fileEncoding = 4; lastKnownFileType = sourcecode.c.objc; path = LoadMoreTableFooterView.m; sourceTree = "<group>"; };
		300D5DAF1A8426950054CFB7 /* MessageInterceptor.h */ = {isa = PBXFileReference; fileEncoding = 4; lastKnownFileType = sourcecode.c.h; path = MessageInterceptor.h; sourceTree = "<group>"; };
		300D5DB01A8426950054CFB7 /* MessageInterceptor.m */ = {isa = PBXFileReference; fileEncoding = 4; lastKnownFileType = sourcecode.c.objc; path = MessageInterceptor.m; sourceTree = "<group>"; };
		300D5DB11A8426950054CFB7 /* PullPsCollectionView.h */ = {isa = PBXFileReference; fileEncoding = 4; lastKnownFileType = sourcecode.c.h; path = PullPsCollectionView.h; sourceTree = "<group>"; };
		300D5DB21A8426950054CFB7 /* PullPsCollectionView.m */ = {isa = PBXFileReference; fileEncoding = 4; lastKnownFileType = sourcecode.c.objc; path = PullPsCollectionView.m; sourceTree = "<group>"; };
		300D5DB31A8426950054CFB7 /* PullTableView.h */ = {isa = PBXFileReference; fileEncoding = 4; lastKnownFileType = sourcecode.c.h; path = PullTableView.h; sourceTree = "<group>"; };
		300D5DB41A8426950054CFB7 /* PullTableView.m */ = {isa = PBXFileReference; fileEncoding = 4; lastKnownFileType = sourcecode.c.objc; path = PullTableView.m; sourceTree = "<group>"; };
		300D5DB61A8426950054CFB7 /* blackArrow.png */ = {isa = PBXFileReference; lastKnownFileType = image.png; path = blackArrow.png; sourceTree = "<group>"; };
		300D5DB71A8426950054CFB7 /* blackArrow@2x.png */ = {isa = PBXFileReference; lastKnownFileType = image.png; path = "blackArrow@2x.png"; sourceTree = "<group>"; };
		300D5DB81A8426950054CFB7 /* blueArrow.png */ = {isa = PBXFileReference; lastKnownFileType = image.png; path = blueArrow.png; sourceTree = "<group>"; };
		300D5DB91A8426950054CFB7 /* blueArrow@2x.png */ = {isa = PBXFileReference; lastKnownFileType = image.png; path = "blueArrow@2x.png"; sourceTree = "<group>"; };
		300D5DBA1A8426950054CFB7 /* grayArrow.png */ = {isa = PBXFileReference; lastKnownFileType = image.png; path = grayArrow.png; sourceTree = "<group>"; };
		300D5DBB1A8426950054CFB7 /* grayArrow@2x.png */ = {isa = PBXFileReference; lastKnownFileType = image.png; path = "grayArrow@2x.png"; sourceTree = "<group>"; };
		300D5DBC1A8426950054CFB7 /* whiteArrow.png */ = {isa = PBXFileReference; lastKnownFileType = image.png; path = whiteArrow.png; sourceTree = "<group>"; };
		300D5DBD1A8426950054CFB7 /* whiteArrow@2x.png */ = {isa = PBXFileReference; lastKnownFileType = image.png; path = "whiteArrow@2x.png"; sourceTree = "<group>"; };
		300D5DBF1A8426950054CFB7 /* CellView.h */ = {isa = PBXFileReference; fileEncoding = 4; lastKnownFileType = sourcecode.c.h; path = CellView.h; sourceTree = "<group>"; };
		300D5DC01A8426950054CFB7 /* CellView.m */ = {isa = PBXFileReference; fileEncoding = 4; lastKnownFileType = sourcecode.c.objc; path = CellView.m; sourceTree = "<group>"; };
		300D5DC11A8426950054CFB7 /* CellView.xib */ = {isa = PBXFileReference; fileEncoding = 4; lastKnownFileType = file.xib; path = CellView.xib; sourceTree = "<group>"; };
		300D5DC21A8426950054CFB7 /* PSCollectionView.h */ = {isa = PBXFileReference; fileEncoding = 4; lastKnownFileType = sourcecode.c.h; path = PSCollectionView.h; sourceTree = "<group>"; };
		300D5DC31A8426950054CFB7 /* PSCollectionView.m */ = {isa = PBXFileReference; fileEncoding = 4; lastKnownFileType = sourcecode.c.objc; path = PSCollectionView.m; sourceTree = "<group>"; };
		300D5DC41A8426950054CFB7 /* PSCollectionViewCell.h */ = {isa = PBXFileReference; fileEncoding = 4; lastKnownFileType = sourcecode.c.h; path = PSCollectionViewCell.h; sourceTree = "<group>"; };
		300D5DC51A8426950054CFB7 /* PSCollectionViewCell.m */ = {isa = PBXFileReference; fileEncoding = 4; lastKnownFileType = sourcecode.c.objc; path = PSCollectionViewCell.m; sourceTree = "<group>"; };
		300D5DC71A8426950054CFB7 /* MKAnnotationView+WebCache.h */ = {isa = PBXFileReference; fileEncoding = 4; lastKnownFileType = sourcecode.c.h; path = "MKAnnotationView+WebCache.h"; sourceTree = "<group>"; };
		300D5DC81A8426950054CFB7 /* MKAnnotationView+WebCache.m */ = {isa = PBXFileReference; fileEncoding = 4; lastKnownFileType = sourcecode.c.objc; path = "MKAnnotationView+WebCache.m"; sourceTree = "<group>"; };
		300D5DC91A8426950054CFB7 /* SDImageCache.h */ = {isa = PBXFileReference; fileEncoding = 4; lastKnownFileType = sourcecode.c.h; path = SDImageCache.h; sourceTree = "<group>"; };
		300D5DCA1A8426950054CFB7 /* SDImageCache.m */ = {isa = PBXFileReference; fileEncoding = 4; lastKnownFileType = sourcecode.c.objc; path = SDImageCache.m; sourceTree = "<group>"; };
		300D5DCB1A8426950054CFB7 /* SDImageCacheDelegate.h */ = {isa = PBXFileReference; fileEncoding = 4; lastKnownFileType = sourcecode.c.h; path = SDImageCacheDelegate.h; sourceTree = "<group>"; };
		300D5DCC1A8426950054CFB7 /* SDWebImageCompat.h */ = {isa = PBXFileReference; fileEncoding = 4; lastKnownFileType = sourcecode.c.h; path = SDWebImageCompat.h; sourceTree = "<group>"; };
		300D5DCD1A8426950054CFB7 /* SDWebImageDecoder.h */ = {isa = PBXFileReference; fileEncoding = 4; lastKnownFileType = sourcecode.c.h; path = SDWebImageDecoder.h; sourceTree = "<group>"; };
		300D5DCE1A8426950054CFB7 /* SDWebImageDecoder.m */ = {isa = PBXFileReference; fileEncoding = 4; lastKnownFileType = sourcecode.c.objc; path = SDWebImageDecoder.m; sourceTree = "<group>"; };
		300D5DCF1A8426950054CFB7 /* SDWebImageDownloader.h */ = {isa = PBXFileReference; fileEncoding = 4; lastKnownFileType = sourcecode.c.h; path = SDWebImageDownloader.h; sourceTree = "<group>"; };
		300D5DD01A8426950054CFB7 /* SDWebImageDownloader.m */ = {isa = PBXFileReference; fileEncoding = 4; lastKnownFileType = sourcecode.c.objc; path = SDWebImageDownloader.m; sourceTree = "<group>"; };
		300D5DD11A8426950054CFB7 /* SDWebImageDownloaderDelegate.h */ = {isa = PBXFileReference; fileEncoding = 4; lastKnownFileType = sourcecode.c.h; path = SDWebImageDownloaderDelegate.h; sourceTree = "<group>"; };
		300D5DD21A8426950054CFB7 /* SDWebImageManager.h */ = {isa = PBXFileReference; fileEncoding = 4; lastKnownFileType = sourcecode.c.h; path = SDWebImageManager.h; sourceTree = "<group>"; };
		300D5DD31A8426950054CFB7 /* SDWebImageManager.m */ = {isa = PBXFileReference; fileEncoding = 4; lastKnownFileType = sourcecode.c.objc; path = SDWebImageManager.m; sourceTree = "<group>"; };
		300D5DD41A8426950054CFB7 /* SDWebImageManagerDelegate.h */ = {isa = PBXFileReference; fileEncoding = 4; lastKnownFileType = sourcecode.c.h; path = SDWebImageManagerDelegate.h; sourceTree = "<group>"; };
		300D5DD51A8426950054CFB7 /* SDWebImagePrefetcher.h */ = {isa = PBXFileReference; fileEncoding = 4; lastKnownFileType = sourcecode.c.h; path = SDWebImagePrefetcher.h; sourceTree = "<group>"; };
		300D5DD61A8426950054CFB7 /* SDWebImagePrefetcher.m */ = {isa = PBXFileReference; fileEncoding = 4; lastKnownFileType = sourcecode.c.objc; path = SDWebImagePrefetcher.m; sourceTree = "<group>"; };
		300D5DD71A8426950054CFB7 /* UIButton+WebCache.h */ = {isa = PBXFileReference; fileEncoding = 4; lastKnownFileType = sourcecode.c.h; path = "UIButton+WebCache.h"; sourceTree = "<group>"; };
		300D5DD81A8426950054CFB7 /* UIButton+WebCache.m */ = {isa = PBXFileReference; fileEncoding = 4; lastKnownFileType = sourcecode.c.objc; path = "UIButton+WebCache.m"; sourceTree = "<group>"; };
		300D5DD91A8426950054CFB7 /* UIImageView+WebCache.h */ = {isa = PBXFileReference; fileEncoding = 4; lastKnownFileType = sourcecode.c.h; path = "UIImageView+WebCache.h"; sourceTree = "<group>"; };
		300D5DDA1A8426950054CFB7 /* UIImageView+WebCache.m */ = {isa = PBXFileReference; fileEncoding = 4; lastKnownFileType = sourcecode.c.objc; path = "UIImageView+WebCache.m"; sourceTree = "<group>"; };
		300D5DF91A842BCD0054CFB7 /* ImageIO.framework */ = {isa = PBXFileReference; lastKnownFileType = wrapper.framework; name = ImageIO.framework; path = System/Library/Frameworks/ImageIO.framework; sourceTree = SDKROOT; };
		3010AF121A71B27B009CDECF /* NewsTongue.app */ = {isa = PBXFileReference; explicitFileType = wrapper.application; includeInIndex = 0; path = NewsTongue.app; sourceTree = BUILT_PRODUCTS_DIR; };
		3010AF161A71B27B009CDECF /* Info.plist */ = {isa = PBXFileReference; lastKnownFileType = text.plist.xml; path = Info.plist; sourceTree = "<group>"; };
		3010AF171A71B27B009CDECF /* main.m */ = {isa = PBXFileReference; lastKnownFileType = sourcecode.c.objc; path = main.m; sourceTree = "<group>"; };
		3010AF191A71B27B009CDECF /* AppDelegate.h */ = {isa = PBXFileReference; lastKnownFileType = sourcecode.c.h; path = AppDelegate.h; sourceTree = "<group>"; };
		3010AF1A1A71B27B009CDECF /* AppDelegate.m */ = {isa = PBXFileReference; lastKnownFileType = sourcecode.c.objc; path = AppDelegate.m; sourceTree = "<group>"; };
		3010AF221A71B27B009CDECF /* Images.xcassets */ = {isa = PBXFileReference; lastKnownFileType = folder.assetcatalog; path = Images.xcassets; sourceTree = "<group>"; };
		3010AF251A71B27B009CDECF /* Base */ = {isa = PBXFileReference; lastKnownFileType = file.xib; name = Base; path = Base.lproj/LaunchScreen.xib; sourceTree = "<group>"; };
		3010AF2B1A71B27B009CDECF /* NewsTongueTests.xctest */ = {isa = PBXFileReference; explicitFileType = wrapper.cfbundle; includeInIndex = 0; path = NewsTongueTests.xctest; sourceTree = BUILT_PRODUCTS_DIR; };
		3010AF301A71B27B009CDECF /* Info.plist */ = {isa = PBXFileReference; lastKnownFileType = text.plist.xml; path = Info.plist; sourceTree = "<group>"; };
		3010AF311A71B27B009CDECF /* NewsTongueTests.m */ = {isa = PBXFileReference; lastKnownFileType = sourcecode.c.objc; path = NewsTongueTests.m; sourceTree = "<group>"; };
		303381941A7C79FF0074604E /* AFHTTPRequestOperation.h */ = {isa = PBXFileReference; fileEncoding = 4; lastKnownFileType = sourcecode.c.h; path = AFHTTPRequestOperation.h; sourceTree = "<group>"; };
		303381951A7C79FF0074604E /* AFHTTPRequestOperation.m */ = {isa = PBXFileReference; fileEncoding = 4; lastKnownFileType = sourcecode.c.objc; path = AFHTTPRequestOperation.m; sourceTree = "<group>"; };
		303381961A7C79FF0074604E /* AFHTTPRequestOperationManager.h */ = {isa = PBXFileReference; fileEncoding = 4; lastKnownFileType = sourcecode.c.h; path = AFHTTPRequestOperationManager.h; sourceTree = "<group>"; };
		303381971A7C79FF0074604E /* AFHTTPRequestOperationManager.m */ = {isa = PBXFileReference; fileEncoding = 4; lastKnownFileType = sourcecode.c.objc; path = AFHTTPRequestOperationManager.m; sourceTree = "<group>"; };
		303381981A7C79FF0074604E /* AFHTTPSessionManager.h */ = {isa = PBXFileReference; fileEncoding = 4; lastKnownFileType = sourcecode.c.h; path = AFHTTPSessionManager.h; sourceTree = "<group>"; };
		303381991A7C79FF0074604E /* AFHTTPSessionManager.m */ = {isa = PBXFileReference; fileEncoding = 4; lastKnownFileType = sourcecode.c.objc; path = AFHTTPSessionManager.m; sourceTree = "<group>"; };
		3033819A1A7C79FF0074604E /* AFNetworkReachabilityManager.h */ = {isa = PBXFileReference; fileEncoding = 4; lastKnownFileType = sourcecode.c.h; path = AFNetworkReachabilityManager.h; sourceTree = "<group>"; };
		3033819B1A7C79FF0074604E /* AFNetworkReachabilityManager.m */ = {isa = PBXFileReference; fileEncoding = 4; lastKnownFileType = sourcecode.c.objc; path = AFNetworkReachabilityManager.m; sourceTree = "<group>"; };
		3033819C1A7C79FF0074604E /* AFNetworking.h */ = {isa = PBXFileReference; fileEncoding = 4; lastKnownFileType = sourcecode.c.h; path = AFNetworking.h; sourceTree = "<group>"; };
		3033819D1A7C79FF0074604E /* AFSecurityPolicy.h */ = {isa = PBXFileReference; fileEncoding = 4; lastKnownFileType = sourcecode.c.h; path = AFSecurityPolicy.h; sourceTree = "<group>"; };
		3033819E1A7C79FF0074604E /* AFSecurityPolicy.m */ = {isa = PBXFileReference; fileEncoding = 4; lastKnownFileType = sourcecode.c.objc; path = AFSecurityPolicy.m; sourceTree = "<group>"; };
		3033819F1A7C79FF0074604E /* AFURLConnectionOperation.h */ = {isa = PBXFileReference; fileEncoding = 4; lastKnownFileType = sourcecode.c.h; path = AFURLConnectionOperation.h; sourceTree = "<group>"; };
		303381A01A7C79FF0074604E /* AFURLConnectionOperation.m */ = {isa = PBXFileReference; fileEncoding = 4; lastKnownFileType = sourcecode.c.objc; path = AFURLConnectionOperation.m; sourceTree = "<group>"; };
		303381A11A7C79FF0074604E /* AFURLRequestSerialization.h */ = {isa = PBXFileReference; fileEncoding = 4; lastKnownFileType = sourcecode.c.h; path = AFURLRequestSerialization.h; sourceTree = "<group>"; };
		303381A21A7C79FF0074604E /* AFURLRequestSerialization.m */ = {isa = PBXFileReference; fileEncoding = 4; lastKnownFileType = sourcecode.c.objc; path = AFURLRequestSerialization.m; sourceTree = "<group>"; };
		303381A31A7C79FF0074604E /* AFURLResponseSerialization.h */ = {isa = PBXFileReference; fileEncoding = 4; lastKnownFileType = sourcecode.c.h; path = AFURLResponseSerialization.h; sourceTree = "<group>"; };
		303381A41A7C79FF0074604E /* AFURLResponseSerialization.m */ = {isa = PBXFileReference; fileEncoding = 4; lastKnownFileType = sourcecode.c.objc; path = AFURLResponseSerialization.m; sourceTree = "<group>"; };
		303381A51A7C79FF0074604E /* AFURLSessionManager.h */ = {isa = PBXFileReference; fileEncoding = 4; lastKnownFileType = sourcecode.c.h; path = AFURLSessionManager.h; sourceTree = "<group>"; };
		303381A61A7C79FF0074604E /* AFURLSessionManager.m */ = {isa = PBXFileReference; fileEncoding = 4; lastKnownFileType = sourcecode.c.objc; path = AFURLSessionManager.m; sourceTree = "<group>"; };
		303381A81A7C79FF0074604E /* AFNetworkActivityIndicatorManager.h */ = {isa = PBXFileReference; fileEncoding = 4; lastKnownFileType = sourcecode.c.h; path = AFNetworkActivityIndicatorManager.h; sourceTree = "<group>"; };
		303381A91A7C79FF0074604E /* AFNetworkActivityIndicatorManager.m */ = {isa = PBXFileReference; fileEncoding = 4; lastKnownFileType = sourcecode.c.objc; path = AFNetworkActivityIndicatorManager.m; sourceTree = "<group>"; };
		303381AA1A7C79FF0074604E /* UIActivityIndicatorView+AFNetworking.h */ = {isa = PBXFileReference; fileEncoding = 4; lastKnownFileType = sourcecode.c.h; path = "UIActivityIndicatorView+AFNetworking.h"; sourceTree = "<group>"; };
		303381AB1A7C79FF0074604E /* UIActivityIndicatorView+AFNetworking.m */ = {isa = PBXFileReference; fileEncoding = 4; lastKnownFileType = sourcecode.c.objc; path = "UIActivityIndicatorView+AFNetworking.m"; sourceTree = "<group>"; };
		303381AC1A7C79FF0074604E /* UIAlertView+AFNetworking.h */ = {isa = PBXFileReference; fileEncoding = 4; lastKnownFileType = sourcecode.c.h; path = "UIAlertView+AFNetworking.h"; sourceTree = "<group>"; };
		303381AD1A7C79FF0074604E /* UIAlertView+AFNetworking.m */ = {isa = PBXFileReference; fileEncoding = 4; lastKnownFileType = sourcecode.c.objc; path = "UIAlertView+AFNetworking.m"; sourceTree = "<group>"; };
		303381AE1A7C79FF0074604E /* UIButton+AFNetworking.h */ = {isa = PBXFileReference; fileEncoding = 4; lastKnownFileType = sourcecode.c.h; path = "UIButton+AFNetworking.h"; sourceTree = "<group>"; };
		303381AF1A7C79FF0074604E /* UIButton+AFNetworking.m */ = {isa = PBXFileReference; fileEncoding = 4; lastKnownFileType = sourcecode.c.objc; path = "UIButton+AFNetworking.m"; sourceTree = "<group>"; };
		303381B01A7C79FF0074604E /* UIImageView+AFNetworking.h */ = {isa = PBXFileReference; fileEncoding = 4; lastKnownFileType = sourcecode.c.h; path = "UIImageView+AFNetworking.h"; sourceTree = "<group>"; };
		303381B11A7C79FF0074604E /* UIImageView+AFNetworking.m */ = {isa = PBXFileReference; fileEncoding = 4; lastKnownFileType = sourcecode.c.objc; path = "UIImageView+AFNetworking.m"; sourceTree = "<group>"; };
		303381B21A7C79FF0074604E /* UIKit+AFNetworking.h */ = {isa = PBXFileReference; fileEncoding = 4; lastKnownFileType = sourcecode.c.h; path = "UIKit+AFNetworking.h"; sourceTree = "<group>"; };
		303381B31A7C79FF0074604E /* UIProgressView+AFNetworking.h */ = {isa = PBXFileReference; fileEncoding = 4; lastKnownFileType = sourcecode.c.h; path = "UIProgressView+AFNetworking.h"; sourceTree = "<group>"; };
		303381B41A7C79FF0074604E /* UIProgressView+AFNetworking.m */ = {isa = PBXFileReference; fileEncoding = 4; lastKnownFileType = sourcecode.c.objc; path = "UIProgressView+AFNetworking.m"; sourceTree = "<group>"; };
		303381B51A7C79FF0074604E /* UIRefreshControl+AFNetworking.h */ = {isa = PBXFileReference; fileEncoding = 4; lastKnownFileType = sourcecode.c.h; path = "UIRefreshControl+AFNetworking.h"; sourceTree = "<group>"; };
		303381B61A7C79FF0074604E /* UIRefreshControl+AFNetworking.m */ = {isa = PBXFileReference; fileEncoding = 4; lastKnownFileType = sourcecode.c.objc; path = "UIRefreshControl+AFNetworking.m"; sourceTree = "<group>"; };
		303381B71A7C79FF0074604E /* UIWebView+AFNetworking.h */ = {isa = PBXFileReference; fileEncoding = 4; lastKnownFileType = sourcecode.c.h; path = "UIWebView+AFNetworking.h"; sourceTree = "<group>"; };
		303381B81A7C79FF0074604E /* UIWebView+AFNetworking.m */ = {isa = PBXFileReference; fileEncoding = 4; lastKnownFileType = sourcecode.c.objc; path = "UIWebView+AFNetworking.m"; sourceTree = "<group>"; };
		3068FD721A7EDED800E257A9 /* readme.rtf */ = {isa = PBXFileReference; fileEncoding = 4; lastKnownFileType = text.rtf; path = readme.rtf; sourceTree = "<group>"; };
		3068FD751A7EE24100E257A9 /* GTMNSString+HTML.h */ = {isa = PBXFileReference; fileEncoding = 4; lastKnownFileType = sourcecode.c.h; path = "GTMNSString+HTML.h"; sourceTree = "<group>"; };
		3068FD761A7EE24100E257A9 /* GTMNSString+HTML.m */ = {isa = PBXFileReference; fileEncoding = 4; lastKnownFileType = sourcecode.c.objc; path = "GTMNSString+HTML.m"; sourceTree = "<group>"; };
		3068FD771A7EE24100E257A9 /* NSString+HTML.h */ = {isa = PBXFileReference; fileEncoding = 4; lastKnownFileType = sourcecode.c.h; path = "NSString+HTML.h"; sourceTree = "<group>"; };
		3068FD781A7EE24100E257A9 /* NSString+HTML.m */ = {isa = PBXFileReference; fileEncoding = 4; lastKnownFileType = sourcecode.c.objc; path = "NSString+HTML.m"; sourceTree = "<group>"; };
		3068FD7B1A7EEAA400E257A9 /* SentenceManager.h */ = {isa = PBXFileReference; fileEncoding = 4; lastKnownFileType = sourcecode.c.h; path = SentenceManager.h; sourceTree = "<group>"; };
		3068FD7C1A7EEAA400E257A9 /* SentenceManager.m */ = {isa = PBXFileReference; fileEncoding = 4; lastKnownFileType = sourcecode.c.objc; path = SentenceManager.m; sourceTree = "<group>"; };
		3090C95B1A858CC30094231B /* CollectionViewController.h */ = {isa = PBXFileReference; fileEncoding = 4; lastKnownFileType = sourcecode.c.h; path = CollectionViewController.h; sourceTree = "<group>"; };
		3090C95C1A858CC30094231B /* CollectionViewController.m */ = {isa = PBXFileReference; fileEncoding = 4; lastKnownFileType = sourcecode.c.objc; path = CollectionViewController.m; sourceTree = "<group>"; };
		3090C95E1A858CC30094231B /* ReadModeController.h */ = {isa = PBXFileReference; fileEncoding = 4; lastKnownFileType = sourcecode.c.h; path = ReadModeController.h; sourceTree = "<group>"; };
		3090C95F1A858CC30094231B /* ReadModeController.m */ = {isa = PBXFileReference; fileEncoding = 4; lastKnownFileType = sourcecode.c.objc; path = ReadModeController.m; sourceTree = "<group>"; };
		3090C9601A858CC30094231B /* ReadModeController.xib */ = {isa = PBXFileReference; fileEncoding = 4; lastKnownFileType = file.xib; path = ReadModeController.xib; sourceTree = "<group>"; };
		3090C9611A858CC30094231B /* SentenceModeController.h */ = {isa = PBXFileReference; fileEncoding = 4; lastKnownFileType = sourcecode.c.h; path = SentenceModeController.h; sourceTree = "<group>"; };
		3090C9621A858CC30094231B /* SentenceModeController.m */ = {isa = PBXFileReference; fileEncoding = 4; lastKnownFileType = sourcecode.c.objc; path = SentenceModeController.m; sourceTree = "<group>"; };
		3090C9631A858CC30094231B /* SentenceModeController.xib */ = {isa = PBXFileReference; fileEncoding = 4; lastKnownFileType = file.xib; path = SentenceModeController.xib; sourceTree = "<group>"; };
		3090C9641A858CC30094231B /* WordModeController.h */ = {isa = PBXFileReference; fileEncoding = 4; lastKnownFileType = sourcecode.c.h; path = WordModeController.h; sourceTree = "<group>"; };
		3090C9651A858CC30094231B /* WordModeController.m */ = {isa = PBXFileReference; fileEncoding = 4; lastKnownFileType = sourcecode.c.objc; path = WordModeController.m; sourceTree = "<group>"; };
		3090C9661A858CC30094231B /* WordModeController.xib */ = {isa = PBXFileReference; fileEncoding = 4; lastKnownFileType = file.xib; path = WordModeController.xib; sourceTree = "<group>"; };
		30ADC9DB1A770E5700339771 /* UITextView+Extras.h */ = {isa = PBXFileReference; fileEncoding = 4; lastKnownFileType = sourcecode.c.h; path = "UITextView+Extras.h"; sourceTree = "<group>"; };
		30ADC9DC1A770E5700339771 /* UITextView+Extras.m */ = {isa = PBXFileReference; fileEncoding = 4; lastKnownFileType = sourcecode.c.objc; path = "UITextView+Extras.m"; sourceTree = "<group>"; };
		30C171CB1A7DA62C001CD87A /* SQLiteManager.h */ = {isa = PBXFileReference; fileEncoding = 4; lastKnownFileType = sourcecode.c.h; path = SQLiteManager.h; sourceTree = "<group>"; };
		30C171CC1A7DA62C001CD87A /* SQLiteManager.m */ = {isa = PBXFileReference; fileEncoding = 4; lastKnownFileType = sourcecode.c.objc; path = SQLiteManager.m; sourceTree = "<group>"; };
		30C171CE1A7DB4DF001CD87A /* libsqlite3.dylib */ = {isa = PBXFileReference; lastKnownFileType = "compiled.mach-o.dylib"; name = libsqlite3.dylib; path = usr/lib/libsqlite3.dylib; sourceTree = SDKROOT; };
		30C251851A858ACE00B004A0 /* Base */ = {isa = PBXFileReference; lastKnownFileType = file.storyboard; name = Base; path = Base.lproj/Main.storyboard; sourceTree = "<group>"; };
		30C8B6851A7DB8AB009CB114 /* Base64.h */ = {isa = PBXFileReference; fileEncoding = 4; lastKnownFileType = sourcecode.c.h; path = Base64.h; sourceTree = "<group>"; };
		30C8B6861A7DB8AB009CB114 /* Base64.m */ = {isa = PBXFileReference; fileEncoding = 4; lastKnownFileType = sourcecode.c.objc; path = Base64.m; sourceTree = "<group>"; };
		30C8B6891A7E2E75009CB114 /* AFAudioRouter.h */ = {isa = PBXFileReference; fileEncoding = 4; lastKnownFileType = sourcecode.c.h; path = AFAudioRouter.h; sourceTree = "<group>"; };
		30C8B68A1A7E2E75009CB114 /* AFAudioRouter.m */ = {isa = PBXFileReference; fileEncoding = 4; lastKnownFileType = sourcecode.c.objc; path = AFAudioRouter.m; sourceTree = "<group>"; };
		30C8B68B1A7E2E75009CB114 /* AFSoundManager.h */ = {isa = PBXFileReference; fileEncoding = 4; lastKnownFileType = sourcecode.c.h; path = AFSoundManager.h; sourceTree = "<group>"; };
		30C8B68C1A7E2E75009CB114 /* AFSoundManager.m */ = {isa = PBXFileReference; fileEncoding = 4; lastKnownFileType = sourcecode.c.objc; path = AFSoundManager.m; sourceTree = "<group>"; };
		30C8B68F1A7E2FA8009CB114 /* AVFoundation.framework */ = {isa = PBXFileReference; lastKnownFileType = wrapper.framework; name = AVFoundation.framework; path = System/Library/Frameworks/AVFoundation.framework; sourceTree = SDKROOT; };
		30C8B6911A7E2FAD009CB114 /* AudioToolbox.framework */ = {isa = PBXFileReference; lastKnownFileType = wrapper.framework; name = AudioToolbox.framework; path = System/Library/Frameworks/AudioToolbox.framework; sourceTree = SDKROOT; };
		30C8B6931A7E2FB9009CB114 /* CoreGraphics.framework */ = {isa = PBXFileReference; lastKnownFileType = wrapper.framework; name = CoreGraphics.framework; path = System/Library/Frameworks/CoreGraphics.framework; sourceTree = SDKROOT; };
		30C8B6951A7E2FBE009CB114 /* UIKit.framework */ = {isa = PBXFileReference; lastKnownFileType = wrapper.framework; name = UIKit.framework; path = System/Library/Frameworks/UIKit.framework; sourceTree = SDKROOT; };
		30C8B6971A7E2FC5009CB114 /* Foundation.framework */ = {isa = PBXFileReference; lastKnownFileType = wrapper.framework; name = Foundation.framework; path = System/Library/Frameworks/Foundation.framework; sourceTree = SDKROOT; };
		30EC871A1A7C474600BC7363 /* WordManager.h */ = {isa = PBXFileReference; fileEncoding = 4; lastKnownFileType = sourcecode.c.h; path = WordManager.h; sourceTree = "<group>"; };
		30EC871B1A7C474600BC7363 /* WordManager.m */ = {isa = PBXFileReference; fileEncoding = 4; lastKnownFileType = sourcecode.c.objc; path = WordManager.m; sourceTree = "<group>"; };
/* End PBXFileReference section */

/* Begin PBXFrameworksBuildPhase section */
		3010AF0F1A71B27B009CDECF /* Frameworks */ = {
			isa = PBXFrameworksBuildPhase;
			buildActionMask = 2147483647;
			files = (
				300D5DFA1A842BCD0054CFB7 /* ImageIO.framework in Frameworks */,
				30C8B6981A7E2FC5009CB114 /* Foundation.framework in Frameworks */,
				30C8B6961A7E2FBE009CB114 /* UIKit.framework in Frameworks */,
				30C8B6941A7E2FB9009CB114 /* CoreGraphics.framework in Frameworks */,
				30C8B6921A7E2FAD009CB114 /* AudioToolbox.framework in Frameworks */,
				30C8B6901A7E2FA8009CB114 /* AVFoundation.framework in Frameworks */,
				30C171CF1A7DB4DF001CD87A /* libsqlite3.dylib in Frameworks */,
			);
			runOnlyForDeploymentPostprocessing = 0;
		};
		3010AF281A71B27B009CDECF /* Frameworks */ = {
			isa = PBXFrameworksBuildPhase;
			buildActionMask = 2147483647;
			files = (
			);
			runOnlyForDeploymentPostprocessing = 0;
		};
/* End PBXFrameworksBuildPhase section */

/* Begin PBXGroup section */
		300791D81A86E58000D20875 /* Images */ = {
			isa = PBXGroup;
			children = (
				3007921C1A870D3E00D20875 /* scaleFont@2x.png */,
				300792151A870AB700D20875 /* recording@2x.png */,
				300792161A870AB700D20875 /* replay@2x.png */,
				300792171A870AB700D20875 /* speaker@2x.png */,
				300792121A87082100D20875 /* record@2x.png */,
				3007920E1A87067B00D20875 /* recording.png */,
				3007920C1A86FDDC00D20875 /* scaleFont.png */,
				300791DB1A86E9F800D20875 /* replay.png */,
				300791DC1A86E9F800D20875 /* speaker.png */,
				300791D91A86E58000D20875 /* record.png */,
			);
			path = Images;
			sourceTree = "<group>";
		};
		300791E91A86F5E800D20875 /* QuadCurve */ = {
			isa = PBXGroup;
			children = (
				300791F01A86F61A00D20875 /* bg-addbutton-highlighted.png */,
				300791F11A86F61A00D20875 /* bg-addbutton-highlighted@2x.png */,
				300791F21A86F61A00D20875 /* bg-addbutton.png */,
				300791F31A86F61A00D20875 /* bg-addbutton@2x.png */,
				300791F41A86F61A00D20875 /* bg-menuitem-highlighted.png */,
				300791F51A86F61A00D20875 /* bg-menuitem-highlighted@2x.png */,
				300791F61A86F61A00D20875 /* bg-menuitem.png */,
				300791F71A86F61A00D20875 /* bg-menuitem@2x.png */,
				300791F81A86F61A00D20875 /* icon-plus-highlighted.png */,
				300791F91A86F61A00D20875 /* icon-plus-highlighted@2x.png */,
				300791FA1A86F61A00D20875 /* icon-plus.png */,
				300791FB1A86F61A00D20875 /* icon-plus@2x.png */,
				300791FC1A86F61A00D20875 /* icon-star.png */,
				300791FD1A86F61A00D20875 /* icon-star@2x.png */,
				300791EA1A86F5E800D20875 /* QuadCurveMenu.h */,
				300791EB1A86F5E800D20875 /* QuadCurveMenu.m */,
				300791EC1A86F5E800D20875 /* QuadCurveMenuItem.h */,
				300791ED1A86F5E800D20875 /* QuadCurveMenuItem.m */,
			);
			path = QuadCurve;
			sourceTree = "<group>";
		};
		300D5DA91A8426950054CFB7 /* EGOTableViewPullRefresh */ = {
			isa = PBXGroup;
			children = (
				300D5DAA1A8426950054CFB7 /* Classes */,
				300D5DB51A8426950054CFB7 /* Resources */,
			);
			path = EGOTableViewPullRefresh;
			sourceTree = "<group>";
		};
		300D5DAA1A8426950054CFB7 /* Classes */ = {
			isa = PBXGroup;
			children = (
				300D5DAB1A8426950054CFB7 /* EGORefreshTableHeaderView.h */,
				300D5DAC1A8426950054CFB7 /* EGORefreshTableHeaderView.m */,
				300D5DAD1A8426950054CFB7 /* LoadMoreTableFooterView.h */,
				300D5DAE1A8426950054CFB7 /* LoadMoreTableFooterView.m */,
				300D5DAF1A8426950054CFB7 /* MessageInterceptor.h */,
				300D5DB01A8426950054CFB7 /* MessageInterceptor.m */,
				300D5DB11A8426950054CFB7 /* PullPsCollectionView.h */,
				300D5DB21A8426950054CFB7 /* PullPsCollectionView.m */,
				300D5DB31A8426950054CFB7 /* PullTableView.h */,
				300D5DB41A8426950054CFB7 /* PullTableView.m */,
			);
			path = Classes;
			sourceTree = "<group>";
		};
		300D5DB51A8426950054CFB7 /* Resources */ = {
			isa = PBXGroup;
			children = (
				300D5DB61A8426950054CFB7 /* blackArrow.png */,
				300D5DB71A8426950054CFB7 /* blackArrow@2x.png */,
				300D5DB81A8426950054CFB7 /* blueArrow.png */,
				300D5DB91A8426950054CFB7 /* blueArrow@2x.png */,
				300D5DBA1A8426950054CFB7 /* grayArrow.png */,
				300D5DBB1A8426950054CFB7 /* grayArrow@2x.png */,
				300D5DBC1A8426950054CFB7 /* whiteArrow.png */,
				300D5DBD1A8426950054CFB7 /* whiteArrow@2x.png */,
			);
			path = Resources;
			sourceTree = "<group>";
		};
		300D5DBE1A8426950054CFB7 /* PSCollectionView */ = {
			isa = PBXGroup;
			children = (
				300D5DBF1A8426950054CFB7 /* CellView.h */,
				300D5DC01A8426950054CFB7 /* CellView.m */,
				300D5DC11A8426950054CFB7 /* CellView.xib */,
				300D5DC21A8426950054CFB7 /* PSCollectionView.h */,
				300D5DC31A8426950054CFB7 /* PSCollectionView.m */,
				300D5DC41A8426950054CFB7 /* PSCollectionViewCell.h */,
				300D5DC51A8426950054CFB7 /* PSCollectionViewCell.m */,
			);
			path = PSCollectionView;
			sourceTree = "<group>";
		};
		300D5DC61A8426950054CFB7 /* SDWebImage */ = {
			isa = PBXGroup;
			children = (
				300D5DC71A8426950054CFB7 /* MKAnnotationView+WebCache.h */,
				300D5DC81A8426950054CFB7 /* MKAnnotationView+WebCache.m */,
				300D5DC91A8426950054CFB7 /* SDImageCache.h */,
				300D5DCA1A8426950054CFB7 /* SDImageCache.m */,
				300D5DCB1A8426950054CFB7 /* SDImageCacheDelegate.h */,
				300D5DCC1A8426950054CFB7 /* SDWebImageCompat.h */,
				300D5DCD1A8426950054CFB7 /* SDWebImageDecoder.h */,
				300D5DCE1A8426950054CFB7 /* SDWebImageDecoder.m */,
				300D5DCF1A8426950054CFB7 /* SDWebImageDownloader.h */,
				300D5DD01A8426950054CFB7 /* SDWebImageDownloader.m */,
				300D5DD11A8426950054CFB7 /* SDWebImageDownloaderDelegate.h */,
				300D5DD21A8426950054CFB7 /* SDWebImageManager.h */,
				300D5DD31A8426950054CFB7 /* SDWebImageManager.m */,
				300D5DD41A8426950054CFB7 /* SDWebImageManagerDelegate.h */,
				300D5DD51A8426950054CFB7 /* SDWebImagePrefetcher.h */,
				300D5DD61A8426950054CFB7 /* SDWebImagePrefetcher.m */,
				300D5DD71A8426950054CFB7 /* UIButton+WebCache.h */,
				300D5DD81A8426950054CFB7 /* UIButton+WebCache.m */,
				300D5DD91A8426950054CFB7 /* UIImageView+WebCache.h */,
				300D5DDA1A8426950054CFB7 /* UIImageView+WebCache.m */,
			);
			path = SDWebImage;
			sourceTree = "<group>";
		};
		3010AF091A71B27B009CDECF = {
			isa = PBXGroup;
			children = (
				30C8B6991A7E2FFB009CB114 /* Frameworks */,
				3010AF141A71B27B009CDECF /* NewsTongue */,
				3010AF2E1A71B27B009CDECF /* NewsTongueTests */,
				3010AF131A71B27B009CDECF /* Products */,
			);
			sourceTree = "<group>";
		};
		3010AF131A71B27B009CDECF /* Products */ = {
			isa = PBXGroup;
			children = (
				3010AF121A71B27B009CDECF /* NewsTongue.app */,
				3010AF2B1A71B27B009CDECF /* NewsTongueTests.xctest */,
			);
			name = Products;
			sourceTree = "<group>";
		};
		3010AF141A71B27B009CDECF /* NewsTongue */ = {
			isa = PBXGroup;
			children = (
				300791D81A86E58000D20875 /* Images */,
				3090C95A1A858CC30094231B /* ViewController */,
				30C251841A858ACE00B004A0 /* Main.storyboard */,
				30C9AFAE1A7AEE25002DC1B0 /* Model */,
				30ADC9D91A770E5700339771 /* Libs */,
				3010AF191A71B27B009CDECF /* AppDelegate.h */,
				3010AF1A1A71B27B009CDECF /* AppDelegate.m */,
				3010AF221A71B27B009CDECF /* Images.xcassets */,
				3010AF241A71B27B009CDECF /* LaunchScreen.xib */,
				3010AF151A71B27B009CDECF /* Supporting Files */,
			);
			path = NewsTongue;
			sourceTree = "<group>";
		};
		3010AF151A71B27B009CDECF /* Supporting Files */ = {
			isa = PBXGroup;
			children = (
				3010AF161A71B27B009CDECF /* Info.plist */,
				3010AF171A71B27B009CDECF /* main.m */,
				3068FD721A7EDED800E257A9 /* readme.rtf */,
			);
			name = "Supporting Files";
			sourceTree = "<group>";
		};
		3010AF2E1A71B27B009CDECF /* NewsTongueTests */ = {
			isa = PBXGroup;
			children = (
				3010AF311A71B27B009CDECF /* NewsTongueTests.m */,
				3010AF2F1A71B27B009CDECF /* Supporting Files */,
			);
			path = NewsTongueTests;
			sourceTree = "<group>";
		};
		3010AF2F1A71B27B009CDECF /* Supporting Files */ = {
			isa = PBXGroup;
			children = (
				3010AF301A71B27B009CDECF /* Info.plist */,
			);
			name = "Supporting Files";
			sourceTree = "<group>";
		};
		303381921A7C79FF0074604E /* AFNetworking */ = {
			isa = PBXGroup;
			children = (
				303381931A7C79FF0074604E /* AFNetworking */,
				303381A71A7C79FF0074604E /* UIKit+AFNetworking */,
			);
			path = AFNetworking;
			sourceTree = "<group>";
		};
		303381931A7C79FF0074604E /* AFNetworking */ = {
			isa = PBXGroup;
			children = (
				303381941A7C79FF0074604E /* AFHTTPRequestOperation.h */,
				303381951A7C79FF0074604E /* AFHTTPRequestOperation.m */,
				303381961A7C79FF0074604E /* AFHTTPRequestOperationManager.h */,
				303381971A7C79FF0074604E /* AFHTTPRequestOperationManager.m */,
				303381981A7C79FF0074604E /* AFHTTPSessionManager.h */,
				303381991A7C79FF0074604E /* AFHTTPSessionManager.m */,
				3033819A1A7C79FF0074604E /* AFNetworkReachabilityManager.h */,
				3033819B1A7C79FF0074604E /* AFNetworkReachabilityManager.m */,
				3033819C1A7C79FF0074604E /* AFNetworking.h */,
				3033819D1A7C79FF0074604E /* AFSecurityPolicy.h */,
				3033819E1A7C79FF0074604E /* AFSecurityPolicy.m */,
				3033819F1A7C79FF0074604E /* AFURLConnectionOperation.h */,
				303381A01A7C79FF0074604E /* AFURLConnectionOperation.m */,
				303381A11A7C79FF0074604E /* AFURLRequestSerialization.h */,
				303381A21A7C79FF0074604E /* AFURLRequestSerialization.m */,
				303381A31A7C79FF0074604E /* AFURLResponseSerialization.h */,
				303381A41A7C79FF0074604E /* AFURLResponseSerialization.m */,
				303381A51A7C79FF0074604E /* AFURLSessionManager.h */,
				303381A61A7C79FF0074604E /* AFURLSessionManager.m */,
			);
			path = AFNetworking;
			sourceTree = "<group>";
		};
		303381A71A7C79FF0074604E /* UIKit+AFNetworking */ = {
			isa = PBXGroup;
			children = (
				303381A81A7C79FF0074604E /* AFNetworkActivityIndicatorManager.h */,
				303381A91A7C79FF0074604E /* AFNetworkActivityIndicatorManager.m */,
				303381AA1A7C79FF0074604E /* UIActivityIndicatorView+AFNetworking.h */,
				303381AB1A7C79FF0074604E /* UIActivityIndicatorView+AFNetworking.m */,
				303381AC1A7C79FF0074604E /* UIAlertView+AFNetworking.h */,
				303381AD1A7C79FF0074604E /* UIAlertView+AFNetworking.m */,
				303381AE1A7C79FF0074604E /* UIButton+AFNetworking.h */,
				303381AF1A7C79FF0074604E /* UIButton+AFNetworking.m */,
				303381B01A7C79FF0074604E /* UIImageView+AFNetworking.h */,
				303381B11A7C79FF0074604E /* UIImageView+AFNetworking.m */,
				303381B21A7C79FF0074604E /* UIKit+AFNetworking.h */,
				303381B31A7C79FF0074604E /* UIProgressView+AFNetworking.h */,
				303381B41A7C79FF0074604E /* UIProgressView+AFNetworking.m */,
				303381B51A7C79FF0074604E /* UIRefreshControl+AFNetworking.h */,
				303381B61A7C79FF0074604E /* UIRefreshControl+AFNetworking.m */,
				303381B71A7C79FF0074604E /* UIWebView+AFNetworking.h */,
				303381B81A7C79FF0074604E /* UIWebView+AFNetworking.m */,
			);
			path = "UIKit+AFNetworking";
			sourceTree = "<group>";
		};
		3068FD741A7EE24100E257A9 /* NSString-HTML */ = {
			isa = PBXGroup;
			children = (
				3068FD751A7EE24100E257A9 /* GTMNSString+HTML.h */,
				3068FD761A7EE24100E257A9 /* GTMNSString+HTML.m */,
				3068FD771A7EE24100E257A9 /* NSString+HTML.h */,
				3068FD781A7EE24100E257A9 /* NSString+HTML.m */,
			);
			path = "NSString-HTML";
			sourceTree = "<group>";
		};
		3090C95A1A858CC30094231B /* ViewController */ = {
			isa = PBXGroup;
			children = (
				3090C95B1A858CC30094231B /* CollectionViewController.h */,
				3090C95C1A858CC30094231B /* CollectionViewController.m */,
				3090C95E1A858CC30094231B /* ReadModeController.h */,
				3090C95F1A858CC30094231B /* ReadModeController.m */,
				3090C9601A858CC30094231B /* ReadModeController.xib */,
				3090C9611A858CC30094231B /* SentenceModeController.h */,
				3090C9621A858CC30094231B /* SentenceModeController.m */,
				3090C9631A858CC30094231B /* SentenceModeController.xib */,
				3090C9641A858CC30094231B /* WordModeController.h */,
				3090C9651A858CC30094231B /* WordModeController.m */,
				3090C9661A858CC30094231B /* WordModeController.xib */,
			);
			path = ViewController;
			sourceTree = "<group>";
		};
		30ADC9D91A770E5700339771 /* Libs */ = {
			isa = PBXGroup;
			children = (
				300791E91A86F5E800D20875 /* QuadCurve */,
				300D5DA91A8426950054CFB7 /* EGOTableViewPullRefresh */,
				300D5DBE1A8426950054CFB7 /* PSCollectionView */,
				300D5DC61A8426950054CFB7 /* SDWebImage */,
				3068FD741A7EE24100E257A9 /* NSString-HTML */,
				30C8B6881A7E2E75009CB114 /* AFSoundManager */,
				30C8B6841A7DB8AB009CB114 /* Base64 */,
				30C171CA1A7DA62C001CD87A /* SQLiteManager */,
				303381921A7C79FF0074604E /* AFNetworking */,
				30ADC9DA1A770E5700339771 /* UITextViewEx */,
			);
			path = Libs;
			sourceTree = "<group>";
		};
		30ADC9DA1A770E5700339771 /* UITextViewEx */ = {
			isa = PBXGroup;
			children = (
				30ADC9DB1A770E5700339771 /* UITextView+Extras.h */,
				30ADC9DC1A770E5700339771 /* UITextView+Extras.m */,
			);
			path = UITextViewEx;
			sourceTree = "<group>";
		};
		30C171CA1A7DA62C001CD87A /* SQLiteManager */ = {
			isa = PBXGroup;
			children = (
				30C171CB1A7DA62C001CD87A /* SQLiteManager.h */,
				30C171CC1A7DA62C001CD87A /* SQLiteManager.m */,
			);
			path = SQLiteManager;
			sourceTree = "<group>";
		};
		30C8B6841A7DB8AB009CB114 /* Base64 */ = {
			isa = PBXGroup;
			children = (
				30C8B6851A7DB8AB009CB114 /* Base64.h */,
				30C8B6861A7DB8AB009CB114 /* Base64.m */,
			);
			path = Base64;
			sourceTree = "<group>";
		};
		30C8B6881A7E2E75009CB114 /* AFSoundManager */ = {
			isa = PBXGroup;
			children = (
				30C8B6891A7E2E75009CB114 /* AFAudioRouter.h */,
				30C8B68A1A7E2E75009CB114 /* AFAudioRouter.m */,
				30C8B68B1A7E2E75009CB114 /* AFSoundManager.h */,
				30C8B68C1A7E2E75009CB114 /* AFSoundManager.m */,
			);
			path = AFSoundManager;
			sourceTree = "<group>";
		};
		30C8B6991A7E2FFB009CB114 /* Frameworks */ = {
			isa = PBXGroup;
			children = (
				300D5DF91A842BCD0054CFB7 /* ImageIO.framework */,
				30C8B6971A7E2FC5009CB114 /* Foundation.framework */,
				30C8B6951A7E2FBE009CB114 /* UIKit.framework */,
				30C8B6931A7E2FB9009CB114 /* CoreGraphics.framework */,
				30C8B6911A7E2FAD009CB114 /* AudioToolbox.framework */,
				30C8B68F1A7E2FA8009CB114 /* AVFoundation.framework */,
				30C171CE1A7DB4DF001CD87A /* libsqlite3.dylib */,
			);
			name = Frameworks;
			sourceTree = "<group>";
		};
		30C9AFAE1A7AEE25002DC1B0 /* Model */ = {
			isa = PBXGroup;
			children = (
				30EC871A1A7C474600BC7363 /* WordManager.h */,
				30EC871B1A7C474600BC7363 /* WordManager.m */,
				3068FD7B1A7EEAA400E257A9 /* SentenceManager.h */,
				3068FD7C1A7EEAA400E257A9 /* SentenceManager.m */,
			);
			path = Model;
			sourceTree = "<group>";
		};
/* End PBXGroup section */

/* Begin PBXNativeTarget section */
		3010AF111A71B27B009CDECF /* NewsTongue */ = {
			isa = PBXNativeTarget;
			buildConfigurationList = 3010AF351A71B27B009CDECF /* Build configuration list for PBXNativeTarget "NewsTongue" */;
			buildPhases = (
				3010AF0E1A71B27B009CDECF /* Sources */,
				3010AF0F1A71B27B009CDECF /* Frameworks */,
				3010AF101A71B27B009CDECF /* Resources */,
			);
			buildRules = (
			);
			dependencies = (
			);
			name = NewsTongue;
			productName = NewsTongue;
			productReference = 3010AF121A71B27B009CDECF /* NewsTongue.app */;
			productType = "com.apple.product-type.application";
		};
		3010AF2A1A71B27B009CDECF /* NewsTongueTests */ = {
			isa = PBXNativeTarget;
			buildConfigurationList = 3010AF381A71B27B009CDECF /* Build configuration list for PBXNativeTarget "NewsTongueTests" */;
			buildPhases = (
				3010AF271A71B27B009CDECF /* Sources */,
				3010AF281A71B27B009CDECF /* Frameworks */,
				3010AF291A71B27B009CDECF /* Resources */,
			);
			buildRules = (
			);
			dependencies = (
				3010AF2D1A71B27B009CDECF /* PBXTargetDependency */,
			);
			name = NewsTongueTests;
			productName = NewsTongueTests;
			productReference = 3010AF2B1A71B27B009CDECF /* NewsTongueTests.xctest */;
			productType = "com.apple.product-type.bundle.unit-test";
		};
/* End PBXNativeTarget section */

/* Begin PBXProject section */
		3010AF0A1A71B27B009CDECF /* Project object */ = {
			isa = PBXProject;
			attributes = {
				LastUpgradeCheck = 0620;
				ORGANIZATIONNAME = iDreems;
				TargetAttributes = {
					3010AF111A71B27B009CDECF = {
						CreatedOnToolsVersion = 6.2;
						DevelopmentTeam = QBJ9PY6FYT;
					};
					3010AF2A1A71B27B009CDECF = {
						CreatedOnToolsVersion = 6.2;
						TestTargetID = 3010AF111A71B27B009CDECF;
					};
				};
			};
			buildConfigurationList = 3010AF0D1A71B27B009CDECF /* Build configuration list for PBXProject "NewsTongue" */;
			compatibilityVersion = "Xcode 3.2";
			developmentRegion = English;
			hasScannedForEncodings = 0;
			knownRegions = (
				en,
				Base,
			);
			mainGroup = 3010AF091A71B27B009CDECF;
			productRefGroup = 3010AF131A71B27B009CDECF /* Products */;
			projectDirPath = "";
			projectRoot = "";
			targets = (
				3010AF111A71B27B009CDECF /* NewsTongue */,
				3010AF2A1A71B27B009CDECF /* NewsTongueTests */,
			);
		};
/* End PBXProject section */

/* Begin PBXResourcesBuildPhase section */
		3010AF101A71B27B009CDECF /* Resources */ = {
			isa = PBXResourcesBuildPhase;
			buildActionMask = 2147483647;
			files = (
				300792071A86F61A00D20875 /* icon-plus-highlighted@2x.png in Resources */,
				3007921A1A870AB700D20875 /* replay@2x.png in Resources */,
				300792131A87082100D20875 /* record@2x.png in Resources */,
				300792061A86F61A00D20875 /* icon-plus-highlighted.png in Resources */,
				3007921D1A870D3E00D20875 /* scaleFont@2x.png in Resources */,
				300792041A86F61A00D20875 /* bg-menuitem.png in Resources */,
				300791DE1A86E9F800D20875 /* speaker.png in Resources */,
				3007920F1A87067B00D20875 /* recording.png in Resources */,
				300792081A86F61A00D20875 /* icon-plus.png in Resources */,
				300D5DE01A8426950054CFB7 /* blackArrow.png in Resources */,
				300D5DE51A8426950054CFB7 /* grayArrow@2x.png in Resources */,
				300D5DE61A8426950054CFB7 /* whiteArrow.png in Resources */,
				300791FE1A86F61A00D20875 /* bg-addbutton-highlighted.png in Resources */,
				3010AF261A71B27B009CDECF /* LaunchScreen.xib in Resources */,
				300792021A86F61A00D20875 /* bg-menuitem-highlighted.png in Resources */,
				3007921B1A870AB700D20875 /* speaker@2x.png in Resources */,
				30C251861A858ACE00B004A0 /* Main.storyboard in Resources */,
				300D5DE71A8426950054CFB7 /* whiteArrow@2x.png in Resources */,
				3007920D1A86FDDC00D20875 /* scaleFont.png in Resources */,
				300791DA1A86E58000D20875 /* record.png in Resources */,
				300D5DE91A8426950054CFB7 /* CellView.xib in Resources */,
				3090C96E1A858CC30094231B /* WordModeController.xib in Resources */,
				3007920A1A86F61A00D20875 /* icon-star.png in Resources */,
				300D5DE11A8426950054CFB7 /* blackArrow@2x.png in Resources */,
				300792091A86F61A00D20875 /* icon-plus@2x.png in Resources */,
				300792001A86F61A00D20875 /* bg-addbutton.png in Resources */,
				300792191A870AB700D20875 /* recording@2x.png in Resources */,
				300792011A86F61A00D20875 /* bg-addbutton@2x.png in Resources */,
				3090C96C1A858CC30094231B /* SentenceModeController.xib in Resources */,
				300792051A86F61A00D20875 /* bg-menuitem@2x.png in Resources */,
				300D5DE41A8426950054CFB7 /* grayArrow.png in Resources */,
				3090C96A1A858CC30094231B /* ReadModeController.xib in Resources */,
				300D5DE31A8426950054CFB7 /* blueArrow@2x.png in Resources */,
				300791FF1A86F61A00D20875 /* bg-addbutton-highlighted@2x.png in Resources */,
				3068FD731A7EDED800E257A9 /* readme.rtf in Resources */,
				300D5DE21A8426950054CFB7 /* blueArrow.png in Resources */,
				300792031A86F61A00D20875 /* bg-menuitem-highlighted@2x.png in Resources */,
				300791DD1A86E9F800D20875 /* replay.png in Resources */,
				3007920B1A86F61A00D20875 /* icon-star@2x.png in Resources */,
				3010AF231A71B27B009CDECF /* Images.xcassets in Resources */,
			);
			runOnlyForDeploymentPostprocessing = 0;
		};
		3010AF291A71B27B009CDECF /* Resources */ = {
			isa = PBXResourcesBuildPhase;
			buildActionMask = 2147483647;
			files = (
			);
			runOnlyForDeploymentPostprocessing = 0;
		};
/* End PBXResourcesBuildPhase section */

/* Begin PBXSourcesBuildPhase section */
		3010AF0E1A71B27B009CDECF /* Sources */ = {
			isa = PBXSourcesBuildPhase;
			buildActionMask = 2147483647;
			files = (
				303381C11A7C79FF0074604E /* AFURLSessionManager.m in Sources */,
				303381BE1A7C79FF0074604E /* AFURLConnectionOperation.m in Sources */,
				3090C9691A858CC30094231B /* ReadModeController.m in Sources */,
				303381C81A7C79FF0074604E /* UIRefreshControl+AFNetworking.m in Sources */,
				3090C96D1A858CC30094231B /* WordModeController.m in Sources */,
				303381C51A7C79FF0074604E /* UIButton+AFNetworking.m in Sources */,
				303381C71A7C79FF0074604E /* UIProgressView+AFNetworking.m in Sources */,
				303381B91A7C79FF0074604E /* AFHTTPRequestOperation.m in Sources */,
				300D5DE81A8426950054CFB7 /* CellView.m in Sources */,
				30C8B6871A7DB8AB009CB114 /* Base64.m in Sources */,
				3090C9671A858CC30094231B /* CollectionViewController.m in Sources */,
				303381C41A7C79FF0074604E /* UIAlertView+AFNetworking.m in Sources */,
				300D5DEC1A8426950054CFB7 /* MKAnnotationView+WebCache.m in Sources */,
				303381BA1A7C79FF0074604E /* AFHTTPRequestOperationManager.m in Sources */,
				300D5DF01A8426950054CFB7 /* SDWebImageManager.m in Sources */,
				300D5DED1A8426950054CFB7 /* SDImageCache.m in Sources */,
				3068FD7A1A7EE24100E257A9 /* NSString+HTML.m in Sources */,
				3010AF1B1A71B27B009CDECF /* AppDelegate.m in Sources */,
				30C171CD1A7DA62C001CD87A /* SQLiteManager.m in Sources */,
				300D5DEA1A8426950054CFB7 /* PSCollectionView.m in Sources */,
				303381C61A7C79FF0074604E /* UIImageView+AFNetworking.m in Sources */,
				30C8B68E1A7E2E75009CB114 /* AFSoundManager.m in Sources */,
				303381BB1A7C79FF0074604E /* AFHTTPSessionManager.m in Sources */,
				300D5DEB1A8426950054CFB7 /* PSCollectionViewCell.m in Sources */,
				300791EE1A86F5E800D20875 /* QuadCurveMenu.m in Sources */,
				303381C31A7C79FF0074604E /* UIActivityIndicatorView+AFNetworking.m in Sources */,
				300D5DDF1A8426950054CFB7 /* PullTableView.m in Sources */,
				300D5DDB1A8426950054CFB7 /* EGORefreshTableHeaderView.m in Sources */,
				300D5DF31A8426950054CFB7 /* UIImageView+WebCache.m in Sources */,
				3068FD791A7EE24100E257A9 /* GTMNSString+HTML.m in Sources */,
				303381C21A7C79FF0074604E /* AFNetworkActivityIndicatorManager.m in Sources */,
				30ADC9DD1A770E5700339771 /* UITextView+Extras.m in Sources */,
				300D5DEE1A8426950054CFB7 /* SDWebImageDecoder.m in Sources */,
				303381BD1A7C79FF0074604E /* AFSecurityPolicy.m in Sources */,
				3010AF181A71B27B009CDECF /* main.m in Sources */,
				303381BF1A7C79FF0074604E /* AFURLRequestSerialization.m in Sources */,
				300D5DDD1A8426950054CFB7 /* MessageInterceptor.m in Sources */,
				300D5DF21A8426950054CFB7 /* UIButton+WebCache.m in Sources */,
				303381BC1A7C79FF0074604E /* AFNetworkReachabilityManager.m in Sources */,
				300D5DF11A8426950054CFB7 /* SDWebImagePrefetcher.m in Sources */,
				300D5DEF1A8426950054CFB7 /* SDWebImageDownloader.m in Sources */,
				30C8B68D1A7E2E75009CB114 /* AFAudioRouter.m in Sources */,
				3068FD7D1A7EEAA400E257A9 /* SentenceManager.m in Sources */,
				303381C91A7C79FF0074604E /* UIWebView+AFNetworking.m in Sources */,
				300D5DDE1A8426950054CFB7 /* PullPsCollectionView.m in Sources */,
				3090C96B1A858CC30094231B /* SentenceModeController.m in Sources */,
				300791EF1A86F5E800D20875 /* QuadCurveMenuItem.m in Sources */,
				303381C01A7C79FF0074604E /* AFURLResponseSerialization.m in Sources */,
				30EC871C1A7C474600BC7363 /* WordManager.m in Sources */,
				300D5DDC1A8426950054CFB7 /* LoadMoreTableFooterView.m in Sources */,
			);
			runOnlyForDeploymentPostprocessing = 0;
		};
		3010AF271A71B27B009CDECF /* Sources */ = {
			isa = PBXSourcesBuildPhase;
			buildActionMask = 2147483647;
			files = (
				3010AF321A71B27B009CDECF /* NewsTongueTests.m in Sources */,
			);
			runOnlyForDeploymentPostprocessing = 0;
		};
/* End PBXSourcesBuildPhase section */

/* Begin PBXTargetDependency section */
		3010AF2D1A71B27B009CDECF /* PBXTargetDependency */ = {
			isa = PBXTargetDependency;
			target = 3010AF111A71B27B009CDECF /* NewsTongue */;
			targetProxy = 3010AF2C1A71B27B009CDECF /* PBXContainerItemProxy */;
		};
/* End PBXTargetDependency section */

/* Begin PBXVariantGroup section */
		3010AF241A71B27B009CDECF /* LaunchScreen.xib */ = {
			isa = PBXVariantGroup;
			children = (
				3010AF251A71B27B009CDECF /* Base */,
			);
			name = LaunchScreen.xib;
			sourceTree = "<group>";
		};
		30C251841A858ACE00B004A0 /* Main.storyboard */ = {
			isa = PBXVariantGroup;
			children = (
				30C251851A858ACE00B004A0 /* Base */,
			);
			name = Main.storyboard;
			sourceTree = "<group>";
		};
/* End PBXVariantGroup section */

/* Begin XCBuildConfiguration section */
		3010AF331A71B27B009CDECF /* Debug */ = {
			isa = XCBuildConfiguration;
			buildSettings = {
				ALWAYS_SEARCH_USER_PATHS = NO;
				CLANG_CXX_LANGUAGE_STANDARD = "gnu++0x";
				CLANG_CXX_LIBRARY = "libc++";
				CLANG_ENABLE_MODULES = YES;
				CLANG_ENABLE_OBJC_ARC = YES;
				CLANG_WARN_BOOL_CONVERSION = YES;
				CLANG_WARN_CONSTANT_CONVERSION = YES;
				CLANG_WARN_DIRECT_OBJC_ISA_USAGE = YES_ERROR;
				CLANG_WARN_EMPTY_BODY = YES;
				CLANG_WARN_ENUM_CONVERSION = YES;
				CLANG_WARN_INT_CONVERSION = YES;
				CLANG_WARN_OBJC_ROOT_CLASS = YES_ERROR;
				CLANG_WARN_UNREACHABLE_CODE = YES;
				CLANG_WARN__DUPLICATE_METHOD_MATCH = YES;
				"CODE_SIGN_IDENTITY[sdk=iphoneos*]" = "iPhone Developer";
				COPY_PHASE_STRIP = NO;
				ENABLE_STRICT_OBJC_MSGSEND = YES;
				GCC_C_LANGUAGE_STANDARD = gnu99;
				GCC_DYNAMIC_NO_PIC = NO;
				GCC_OPTIMIZATION_LEVEL = 0;
				GCC_PREPROCESSOR_DEFINITIONS = (
					"DEBUG=1",
					"$(inherited)",
				);
				GCC_SYMBOLS_PRIVATE_EXTERN = NO;
				GCC_WARN_64_TO_32_BIT_CONVERSION = YES;
				GCC_WARN_ABOUT_RETURN_TYPE = YES_ERROR;
				GCC_WARN_UNDECLARED_SELECTOR = YES;
				GCC_WARN_UNINITIALIZED_AUTOS = YES_AGGRESSIVE;
				GCC_WARN_UNUSED_FUNCTION = YES;
				GCC_WARN_UNUSED_VARIABLE = YES;
				IPHONEOS_DEPLOYMENT_TARGET = 8.2;
				MTL_ENABLE_DEBUG_INFO = YES;
				ONLY_ACTIVE_ARCH = YES;
				SDKROOT = iphoneos;
				TARGETED_DEVICE_FAMILY = "1,2";
			};
			name = Debug;
		};
		3010AF341A71B27B009CDECF /* Release */ = {
			isa = XCBuildConfiguration;
			buildSettings = {
				ALWAYS_SEARCH_USER_PATHS = NO;
				CLANG_CXX_LANGUAGE_STANDARD = "gnu++0x";
				CLANG_CXX_LIBRARY = "libc++";
				CLANG_ENABLE_MODULES = YES;
				CLANG_ENABLE_OBJC_ARC = YES;
				CLANG_WARN_BOOL_CONVERSION = YES;
				CLANG_WARN_CONSTANT_CONVERSION = YES;
				CLANG_WARN_DIRECT_OBJC_ISA_USAGE = YES_ERROR;
				CLANG_WARN_EMPTY_BODY = YES;
				CLANG_WARN_ENUM_CONVERSION = YES;
				CLANG_WARN_INT_CONVERSION = YES;
				CLANG_WARN_OBJC_ROOT_CLASS = YES_ERROR;
				CLANG_WARN_UNREACHABLE_CODE = YES;
				CLANG_WARN__DUPLICATE_METHOD_MATCH = YES;
				"CODE_SIGN_IDENTITY[sdk=iphoneos*]" = "iPhone Developer";
				COPY_PHASE_STRIP = NO;
				ENABLE_NS_ASSERTIONS = NO;
				ENABLE_STRICT_OBJC_MSGSEND = YES;
				GCC_C_LANGUAGE_STANDARD = gnu99;
				GCC_WARN_64_TO_32_BIT_CONVERSION = YES;
				GCC_WARN_ABOUT_RETURN_TYPE = YES_ERROR;
				GCC_WARN_UNDECLARED_SELECTOR = YES;
				GCC_WARN_UNINITIALIZED_AUTOS = YES_AGGRESSIVE;
				GCC_WARN_UNUSED_FUNCTION = YES;
				GCC_WARN_UNUSED_VARIABLE = YES;
				IPHONEOS_DEPLOYMENT_TARGET = 8.2;
				MTL_ENABLE_DEBUG_INFO = NO;
				SDKROOT = iphoneos;
				TARGETED_DEVICE_FAMILY = "1,2";
				VALIDATE_PRODUCT = YES;
			};
			name = Release;
		};
		3010AF361A71B27B009CDECF /* Debug */ = {
			isa = XCBuildConfiguration;
			buildSettings = {
				ASSETCATALOG_COMPILER_APPICON_NAME = AppIcon;
				CODE_SIGN_IDENTITY = "iPhone Developer";
				ENABLE_STRICT_OBJC_MSGSEND = NO;
				INFOPLIST_FILE = NewsTongue/Info.plist;
				IPHONEOS_DEPLOYMENT_TARGET = 6.0;
				LD_RUNPATH_SEARCH_PATHS = "$(inherited) @executable_path/Frameworks";
				PRODUCT_NAME = "$(TARGET_NAME)";
			};
			name = Debug;
		};
		3010AF371A71B27B009CDECF /* Release */ = {
			isa = XCBuildConfiguration;
			buildSettings = {
				ASSETCATALOG_COMPILER_APPICON_NAME = AppIcon;
				CODE_SIGN_IDENTITY = "iPhone Developer";
				ENABLE_STRICT_OBJC_MSGSEND = NO;
				INFOPLIST_FILE = NewsTongue/Info.plist;
				IPHONEOS_DEPLOYMENT_TARGET = 6.0;
				LD_RUNPATH_SEARCH_PATHS = "$(inherited) @executable_path/Frameworks";
				PRODUCT_NAME = "$(TARGET_NAME)";
			};
			name = Release;
		};
		3010AF391A71B27B009CDECF /* Debug */ = {
			isa = XCBuildConfiguration;
			buildSettings = {
				BUNDLE_LOADER = "$(TEST_HOST)";
				FRAMEWORK_SEARCH_PATHS = (
					"$(SDKROOT)/Developer/Library/Frameworks",
					"$(inherited)",
				);
				GCC_PREPROCESSOR_DEFINITIONS = (
					"DEBUG=1",
					"$(inherited)",
				);
				INFOPLIST_FILE = NewsTongueTests/Info.plist;
				LD_RUNPATH_SEARCH_PATHS = "$(inherited) @executable_path/Frameworks @loader_path/Frameworks";
				PRODUCT_NAME = "$(TARGET_NAME)";
				TEST_HOST = "$(BUILT_PRODUCTS_DIR)/NewsTongue.app/NewsTongue";
			};
			name = Debug;
		};
		3010AF3A1A71B27B009CDECF /* Release */ = {
			isa = XCBuildConfiguration;
			buildSettings = {
				BUNDLE_LOADER = "$(TEST_HOST)";
				FRAMEWORK_SEARCH_PATHS = (
					"$(SDKROOT)/Developer/Library/Frameworks",
					"$(inherited)",
				);
				INFOPLIST_FILE = NewsTongueTests/Info.plist;
				LD_RUNPATH_SEARCH_PATHS = "$(inherited) @executable_path/Frameworks @loader_path/Frameworks";
				PRODUCT_NAME = "$(TARGET_NAME)";
				TEST_HOST = "$(BUILT_PRODUCTS_DIR)/NewsTongue.app/NewsTongue";
			};
			name = Release;
		};
/* End XCBuildConfiguration section */

/* Begin XCConfigurationList section */
		3010AF0D1A71B27B009CDECF /* Build configuration list for PBXProject "NewsTongue" */ = {
			isa = XCConfigurationList;
			buildConfigurations = (
				3010AF331A71B27B009CDECF /* Debug */,
				3010AF341A71B27B009CDECF /* Release */,
			);
			defaultConfigurationIsVisible = 0;
			defaultConfigurationName = Release;
		};
		3010AF351A71B27B009CDECF /* Build configuration list for PBXNativeTarget "NewsTongue" */ = {
			isa = XCConfigurationList;
			buildConfigurations = (
				3010AF361A71B27B009CDECF /* Debug */,
				3010AF371A71B27B009CDECF /* Release */,
			);
			defaultConfigurationIsVisible = 0;
			defaultConfigurationName = Release;
		};
		3010AF381A71B27B009CDECF /* Build configuration list for PBXNativeTarget "NewsTongueTests" */ = {
			isa = XCConfigurationList;
			buildConfigurations = (
				3010AF391A71B27B009CDECF /* Debug */,
				3010AF3A1A71B27B009CDECF /* Release */,
			);
			defaultConfigurationIsVisible = 0;
			defaultConfigurationName = Release;
		};
/* End XCConfigurationList section */
	};
	rootObject = 3010AF0A1A71B27B009CDECF /* Project object */;
}
